{
  "name": "@hrimthurs/rawobject",
  "version": "1.0.1",
  "lockfileVersion": 2,
  "requires": true,
  "packages": {
    "": {
      "name": "@hrimthurs/rawobject",
      "version": "1.0.1",
      "license": "MIT",
      "dependencies": {
        "@hrimthurs/tackle": "^1.1.10"
      }
    },
    "node_modules/@hrimthurs/tackle": {
      "version": "1.1.10",
      "resolved": "https://registry.npmjs.org/@hrimthurs/tackle/-/tackle-1.1.10.tgz",
      "integrity": "sha512-r9XlVLx/ZMGLQIV+MK6Z/38kGZJP01BHbHSIbR7lfGgwjXd9yPcYOPIxZ4wK08y0L0Y/ABP1jzIOrYeGbonowA=="
    }
  },
  "dependencies": {
    "@hrimthurs/tackle": {
      "version": "1.1.10",
      "resolved": "https://registry.npmjs.org/@hrimthurs/tackle/-/tackle-1.1.10.tgz",
      "integrity": "sha512-r9XlVLx/ZMGLQIV+MK6Z/38kGZJP01BHbHSIbR7lfGgwjXd9yPcYOPIxZ4wK08y0L0Y/ABP1jzIOrYeGbonowA=="
    }
  }
}
