{
  "name": "rawobject",
  "version": "1.0.0",
  "lockfileVersion": 2,
  "requires": true,
  "packages": {
    "": {
      "name": "rawobject",
      "version": "1.0.0",
      "license": "MIT",
      "dependencies": {
        "@hrimthurs/tackle": "^1.1.8"
      }
    },
    "node_modules/@hrimthurs/tackle": {
      "version": "1.1.8",
      "resolved": "https://registry.npmjs.org/@hrimthurs/tackle/-/tackle-1.1.8.tgz",
      "integrity": "sha512-Rn+oZ2a+vDwbjj/ITyMD0Bg7kMkvJQaY2pM0Rl9CUJ95XkjOJP/SxI4kJmA9rvONpisgr9gw3FXQfrSLFalPYQ=="
    }
  },
  "dependencies": {
    "@hrimthurs/tackle": {
      "version": "1.1.8",
      "resolved": "https://registry.npmjs.org/@hrimthurs/tackle/-/tackle-1.1.8.tgz",
      "integrity": "sha512-Rn+oZ2a+vDwbjj/ITyMD0Bg7kMkvJQaY2pM0Rl9CUJ95XkjOJP/SxI4kJmA9rvONpisgr9gw3FXQfrSLFalPYQ=="
    }
  }
}
